
Microsoft Visual Studio Solution File, Format Version 12.00
# Visual Studio Version 17
VisualStudioVersion = 17.14.36109.1
MinimumVisualStudioVersion = 10.0.40219.1
Project("{FAE04EC0-301F-11D3-BF4B-00C04F79EFBC}") = "CSharpCiphers", "CSharpCiphers\CSharpCiphers.csproj", "{3B469510-426D-3EF4-512E-88659817B335}"
EndProject
Project("{FAE04EC0-301F-11D3-BF4B-00C04F79EFBC}") = "CSharpTests", "CSharpTests\CSharpTests.csproj", "{6336FAFB-2F7D-ADFF-1D11-8E0AA8EB30C0}"
EndProject
Project("{54A90642-561A-4BB1-A94E-469ADEE60C69}") = "TypescriptCiphers", "TypescriptCiphers\TypescriptCiphers.esproj", "{1AC0D5BA-52F1-B4B2-D5A5-20809B88806E}"
EndProject
Global
	GlobalSection(SolutionConfigurationPlatforms) = preSolution
		Debug|Any CPU = Debug|Any CPU
		Release|Any CPU = Release|Any CPU
	EndGlobalSection
	GlobalSection(ProjectConfigurationPlatforms) = postSolution
		{3B469510-426D-3EF4-512E-88659817B335}.Debug|Any CPU.ActiveCfg = Debug|Any CPU
		{3B469510-426D-3EF4-512E-88659817B335}.Debug|Any CPU.Build.0 = Debug|Any CPU
		{3B469510-426D-3EF4-512E-88659817B335}.Release|Any CPU.ActiveCfg = Release|Any CPU
		{3B469510-426D-3EF4-512E-88659817B335}.Release|Any CPU.Build.0 = Release|Any CPU
		{6336FAFB-2F7D-ADFF-1D11-8E0AA8EB30C0}.Debug|Any CPU.ActiveCfg = Debug|Any CPU
		{6336FAFB-2F7D-ADFF-1D11-8E0AA8EB30C0}.Debug|Any CPU.Build.0 = Debug|Any CPU
		{6336FAFB-2F7D-ADFF-1D11-8E0AA8EB30C0}.Release|Any CPU.ActiveCfg = Release|Any CPU
		{6336FAFB-2F7D-ADFF-1D11-8E0AA8EB30C0}.Release|Any CPU.Build.0 = Release|Any CPU
		{1AC0D5BA-52F1-B4B2-D5A5-20809B88806E}.Debug|Any CPU.ActiveCfg = Debug|Any CPU
		{1AC0D5BA-52F1-B4B2-D5A5-20809B88806E}.Debug|Any CPU.Build.0 = Debug|Any CPU
		{1AC0D5BA-52F1-B4B2-D5A5-20809B88806E}.Debug|Any CPU.Deploy.0 = Debug|Any CPU
		{1AC0D5BA-52F1-B4B2-D5A5-20809B88806E}.Release|Any CPU.ActiveCfg = Release|Any CPU
		{1AC0D5BA-52F1-B4B2-D5A5-20809B88806E}.Release|Any CPU.Build.0 = Release|Any CPU
		{1AC0D5BA-52F1-B4B2-D5A5-20809B88806E}.Release|Any CPU.Deploy.0 = Release|Any CPU
	EndGlobalSection
	GlobalSection(SolutionProperties) = preSolution
		HideSolutionNode = FALSE
	EndGlobalSection
	GlobalSection(ExtensibilityGlobals) = postSolution
		SolutionGuid = {B172EECD-BFFB-4DF5-A5A5-6B3A1E26F48B}
	EndGlobalSection
EndGlobal
